
Microsoft Visual Studio Solution File, Format Version 12.00
# Visual Studio Version 16
VisualStudioVersion = 16.0.34407.143
MinimumVisualStudioVersion = 10.0.40219.1
Project("{FAE04EC0-301F-11D3-BF4B-00C04F79EFBC}") = "MiMotorcito7", "MiMotorcito7\MiMotorcito7.csproj", "{1AD34ECC-09E4-4BA8-996F-A26E003D8F57}"
EndProject
Global
	GlobalSection(SolutionConfigurationPlatforms) = preSolution
		Debug|Any CPU = Debug|Any CPU
		Release|Any CPU = Release|Any CPU
	EndGlobalSection
	GlobalSection(ProjectConfigurationPlatforms) = postSolution
		{1AD34ECC-09E4-4BA8-996F-A26E003D8F57}.Debug|Any CPU.ActiveCfg = Debug|Any CPU
		{1AD34ECC-09E4-4BA8-996F-A26E003D8F57}.Debug|Any CPU.Build.0 = Debug|Any CPU
		{1AD34ECC-09E4-4BA8-996F-A26E003D8F57}.Release|Any CPU.ActiveCfg = Release|Any CPU
		{1AD34ECC-09E4-4BA8-996F-A26E003D8F57}.Release|Any CPU.Build.0 = Release|Any CPU
	EndGlobalSection
	GlobalSection(SolutionProperties) = preSolution
		HideSolutionNode = FALSE
	EndGlobalSection
	GlobalSection(ExtensibilityGlobals) = postSolution
		SolutionGuid = {C3572AB6-69B5-4FD8-B1B4-200BE798F7EA}
	EndGlobalSection
EndGlobal
